# This file was autogenerated by Stack.
# You should not edit this file by hand.
# For more information, please see the documentation at:
#   https://docs.haskellstack.org/en/stable/lock_files

packages:
- completed:
    hackage: tonaparser-0.1.0.0@sha256:8b2cabc9e61dea81144a9e4f8ff8b131b7da93cec10765ae49c003f508873b85,5136
    pantry-tree:
      size: 424
      sha256: c2ccd166873645b13b7daec7201c4bae788558efbe6590442b9201118c74f9a4
  original:
    hackage: tonaparser-0.1.0.0
- completed:
    hackage: tonatona-0.1.0.0@sha256:bfb201dfdeab753b3486e57b15dbe511679f240e068e0f18d83b49862f5c5b8d,4148
    pantry-tree:
      size: 361
      sha256: 7785319372b03b33de87e4a028c99447313900085d15c2db513d547a13521bc4
  original:
    hackage: tonatona-0.1.0.0
snapshots:
- completed:
    size: 532172
    url: https://raw.githubusercontent.com/commercialhaskell/stackage-snapshots/master/lts/16/18.yaml
    sha256: 4f2a092c6f4869854e8d7435ab98ce5157c641022c3cbfc4c4614ff3db752e62
  original: lts-16.18
